<?xml version="1.0" encoding="utf-8"?>
<Project ToolsVersion="4.0" xmlns="http://schemas.microsoft.com/developer/msbuild/2003">
  <ItemGroup>
    <Filter Include="Source Files">
      <UniqueIdentifier>{4FC737F1-C7A5-4376-A066-2A32D752A2FF}</UniqueIdentifier>
      <Extensions>cpp;c;cc;cxx;c++;cppm;ixx;def;odl;idl;hpj;bat;asm;asmx</Extensions>
    </Filter>
    <Filter Include="Header Files">
      <UniqueIdentifier>{93995380-89BD-4b04-88EB-625FBE52EBFB}</UniqueIdentifier>
      <Extensions>h;hh;hpp;hxx;h++;hm;inl;inc;ipp;xsd</Extensions>
    </Filter>
    <Filter Include="Resource Files">
      <UniqueIdentifier>{67DA6AB6-F800-4c08-8B7A-83BB121AAD01}</UniqueIdentifier>
      <Extensions>rc;ico;cur;bmp;dlg;rc2;rct;bin;rgs;gif;jpg;jpeg;jpe;resx;tiff;tif;png;wav;mfcribbon-ms</Extensions>
    </Filter>
  </ItemGroup>
  <ItemGroup>
    <ClInclude Include="include\regex\intrinsic.h">
      <Filter>Header Files</Filter>
    </ClInclude>
    <ClInclude Include="include\regex\memory_t.h">
      <Filter>Header Files</Filter>
    </ClInclude>
    <ClInclude Include="include\regex\pointer_t.h">
      <Filter>Header Files</Filter>
    </ClInclude>
    <ClInclude Include="include\regex\callocator_t.h">
      <Filter>Header Files</Filter>
    </ClInclude>
    <ClInclude Include="include\regex\allocator_i.h">
      <Filter>Header Files</Filter>
    </ClInclude>
    <ClInclude Include="include\regex\os.h">
      <Filter>Header Files</Filter>
    </ClInclude>
    <ClInclude Include="include\regex\allocator_t.h">
      <Filter>Header Files</Filter>
    </ClInclude>
    <ClInclude Include="include\regex\math.h">
      <Filter>Header Files</Filter>
    </ClInclude>
    <ClInclude Include="include\regex\array_t.h">
      <Filter>Header Files</Filter>
    </ClInclude>
    <ClInclude Include="include\regex\utf_sequence_t.h">
      <Filter>Header Files</Filter>
    </ClInclude>
    <ClInclude Include="include\regex\error_e.h">
      <Filter>Header Files</Filter>
    </ClInclude>
    <ClInclude Include="include\regex\utf.h">
      <Filter>Header Files</Filter>
    </ClInclude>
    <ClInclude Include="include\regex\string_t.h">
      <Filter>Header Files</Filter>
    </ClInclude>
    <ClInclude Include="include\regex\init.h">
      <Filter>Header Files</Filter>
    </ClInclude>
    <ClInclude Include="include\regex\charcoder_i.h">
      <Filter>Header Files</Filter>
    </ClInclude>
    <ClInclude Include="include\regex\charcoder_utf_8_i.h">
      <Filter>Header Files</Filter>
    </ClInclude>
    <ClInclude Include="include\regex\charcoder_utf_16_be_i.h">
      <Filter>Header Files</Filter>
    </ClInclude>
    <ClInclude Include="include\regex\charcoder_utf_16_le_i.h">
      <Filter>Header Files</Filter>
    </ClInclude>
    <ClInclude Include="include\regex\charcoder_utf_32_be_i.h">
      <Filter>Header Files</Filter>
    </ClInclude>
    <ClInclude Include="include\regex\charcoder_utf_32_le_i.h">
      <Filter>Header Files</Filter>
    </ClInclude>
    <ClInclude Include="include\regex\charcoder_ascii_i.h">
      <Filter>Header Files</Filter>
    </ClInclude>
  </ItemGroup>
  <ItemGroup>
    <ClCompile Include="src\array_t.c">
      <Filter>Source Files</Filter>
    </ClCompile>
    <ClCompile Include="src\os.c">
      <Filter>Source Files</Filter>
    </ClCompile>
    <ClCompile Include="src\allocator_t.c">
      <Filter>Source Files</Filter>
    </ClCompile>
    <ClCompile Include="src\math.c">
      <Filter>Source Files</Filter>
    </ClCompile>
    <ClCompile Include="src\callocator_t.c">
      <Filter>Source Files</Filter>
    </ClCompile>
    <ClCompile Include="src\memory_t.c">
      <Filter>Source Files</Filter>
    </ClCompile>
    <ClCompile Include="src\pointer_t.c">
      <Filter>Source Files</Filter>
    </ClCompile>
    <ClCompile Include="src\utf_sequence_t.c">
      <Filter>Source Files</Filter>
    </ClCompile>
    <ClCompile Include="src\utf.c">
      <Filter>Source Files</Filter>
    </ClCompile>
    <ClCompile Include="src\string_t.c">
      <Filter>Source Files</Filter>
    </ClCompile>
    <ClCompile Include="src\init.c">
      <Filter>Source Files</Filter>
    </ClCompile>
    <ClCompile Include="src\charcoder_utf_8_i.c">
      <Filter>Source Files</Filter>
    </ClCompile>
    <ClCompile Include="src\charcoder_utf_16_be_i.c">
      <Filter>Source Files</Filter>
    </ClCompile>
    <ClCompile Include="src\charcoder_utf_16_le_i.c">
      <Filter>Source Files</Filter>
    </ClCompile>
    <ClCompile Include="src\charcoder_utf_32_be_i.c">
      <Filter>Source Files</Filter>
    </ClCompile>
    <ClCompile Include="src\charcoder_utf_32_le_i.c">
      <Filter>Source Files</Filter>
    </ClCompile>
    <ClCompile Include="src\charcoder_ascii_i.c">
      <Filter>Source Files</Filter>
    </ClCompile>
  </ItemGroup>
</Project>